
Microsoft Visual Studio Solution File, Format Version 12.00
# Visual Studio Version 17
VisualStudioVersion = 17.3.32505.426
MinimumVisualStudioVersion = 10.0.40219.1
Project("{9A19103F-16F7-4668-BE54-9A1E7A4F7556}") = "AzsWebApi", "AzsWebApi\AzsWebApi.csproj", "{7C956072-050B-4CA2-A145-A7C4A15AF811}"
EndProject
Project("{9A19103F-16F7-4668-BE54-9A1E7A4F7556}") = "AzsWebApi.Tests", "AzsWebApi.Tests\AzsWebApi.Tests.csproj", "{6A89C744-FB1D-4F93-B06F-86C7D9058954}"
EndProject
Project("{FAE04EC0-301F-11D3-BF4B-00C04F79EFBC}") = "AzsApp.RequestHelper", "AzsApp.RequestHelper\AzsApp.RequestHelper.csproj", "{4F37074B-3146-4900-AF9C-3A547AF3D798}"
EndProject
Project("{FAE04EC0-301F-11D3-BF4B-00C04F79EFBC}") = "AzsApp.WF", "AzsApp.WF\AzsApp.WF.csproj", "{5D3C3CA9-E8B7-44C6-8A12-F454CFF47016}"
EndProject
Project("{FAE04EC0-301F-11D3-BF4B-00C04F79EFBC}") = "AzsApp.WFEF", "AzsApp.WFEF\AzsApp.WFEF.csproj", "{4ADE84EA-F519-49E4-A538-E33F9389B286}"
EndProject
Project("{2150E333-8FDC-42A3-9474-1A3956D46DE8}") = "SQLScript", "SQLScript", "{71020ECD-D9CC-404C-B648-9F82C4DF4335}"
	ProjectSection(SolutionItems) = preProject
		..\data import sessia 1.csv = ..\data import sessia 1.csv
		..\fueltype import sessia 1.csv = ..\fueltype import sessia 1.csv
		..\Session-1.sql = ..\Session-1.sql
		..\stations import sessia 1.csv = ..\stations import sessia 1.csv
	EndProjectSection
EndProject
Global
	GlobalSection(SolutionConfigurationPlatforms) = preSolution
		Debug|Any CPU = Debug|Any CPU
		Release|Any CPU = Release|Any CPU
	EndGlobalSection
	GlobalSection(ProjectConfigurationPlatforms) = postSolution
		{7C956072-050B-4CA2-A145-A7C4A15AF811}.Debug|Any CPU.ActiveCfg = Debug|Any CPU
		{7C956072-050B-4CA2-A145-A7C4A15AF811}.Debug|Any CPU.Build.0 = Debug|Any CPU
		{7C956072-050B-4CA2-A145-A7C4A15AF811}.Release|Any CPU.ActiveCfg = Release|Any CPU
		{7C956072-050B-4CA2-A145-A7C4A15AF811}.Release|Any CPU.Build.0 = Release|Any CPU
		{6A89C744-FB1D-4F93-B06F-86C7D9058954}.Debug|Any CPU.ActiveCfg = Debug|Any CPU
		{6A89C744-FB1D-4F93-B06F-86C7D9058954}.Debug|Any CPU.Build.0 = Debug|Any CPU
		{6A89C744-FB1D-4F93-B06F-86C7D9058954}.Release|Any CPU.ActiveCfg = Release|Any CPU
		{6A89C744-FB1D-4F93-B06F-86C7D9058954}.Release|Any CPU.Build.0 = Release|Any CPU
		{4F37074B-3146-4900-AF9C-3A547AF3D798}.Debug|Any CPU.ActiveCfg = Debug|Any CPU
		{4F37074B-3146-4900-AF9C-3A547AF3D798}.Debug|Any CPU.Build.0 = Debug|Any CPU
		{4F37074B-3146-4900-AF9C-3A547AF3D798}.Release|Any CPU.ActiveCfg = Release|Any CPU
		{4F37074B-3146-4900-AF9C-3A547AF3D798}.Release|Any CPU.Build.0 = Release|Any CPU
		{5D3C3CA9-E8B7-44C6-8A12-F454CFF47016}.Debug|Any CPU.ActiveCfg = Debug|Any CPU
		{5D3C3CA9-E8B7-44C6-8A12-F454CFF47016}.Debug|Any CPU.Build.0 = Debug|Any CPU
		{5D3C3CA9-E8B7-44C6-8A12-F454CFF47016}.Release|Any CPU.ActiveCfg = Release|Any CPU
		{5D3C3CA9-E8B7-44C6-8A12-F454CFF47016}.Release|Any CPU.Build.0 = Release|Any CPU
		{4ADE84EA-F519-49E4-A538-E33F9389B286}.Debug|Any CPU.ActiveCfg = Debug|Any CPU
		{4ADE84EA-F519-49E4-A538-E33F9389B286}.Debug|Any CPU.Build.0 = Debug|Any CPU
		{4ADE84EA-F519-49E4-A538-E33F9389B286}.Release|Any CPU.ActiveCfg = Release|Any CPU
		{4ADE84EA-F519-49E4-A538-E33F9389B286}.Release|Any CPU.Build.0 = Release|Any CPU
	EndGlobalSection
	GlobalSection(SolutionProperties) = preSolution
		HideSolutionNode = FALSE
	EndGlobalSection
	GlobalSection(ExtensibilityGlobals) = postSolution
		SolutionGuid = {9EE9258C-2FE0-48BA-B95A-1D92A1770494}
	EndGlobalSection
EndGlobal
